
Microsoft Visual Studio Solution File, Format Version 12.00
# Visual Studio Version 16
VisualStudioVersion = 16.0.31424.327
MinimumVisualStudioVersion = 10.0.40219.1
Project("{FAE04EC0-301F-11D3-BF4B-00C04F79EFBC}") = "VstsToGitNet5", "VstsToGitNet5.csproj", "{779B6E58-30A1-4793-8472-99A9C1B533C2}"
EndProject
Global
	GlobalSection(SolutionConfigurationPlatforms) = preSolution
		Debug|Any CPU = Debug|Any CPU
		Release|Any CPU = Release|Any CPU
	EndGlobalSection
	GlobalSection(ProjectConfigurationPlatforms) = postSolution
		{779B6E58-30A1-4793-8472-99A9C1B533C2}.Debug|Any CPU.ActiveCfg = Debug|Any CPU
		{779B6E58-30A1-4793-8472-99A9C1B533C2}.Debug|Any CPU.Build.0 = Debug|Any CPU
		{779B6E58-30A1-4793-8472-99A9C1B533C2}.Release|Any CPU.ActiveCfg = Release|Any CPU
		{779B6E58-30A1-4793-8472-99A9C1B533C2}.Release|Any CPU.Build.0 = Release|Any CPU
	EndGlobalSection
	GlobalSection(SolutionProperties) = preSolution
		HideSolutionNode = FALSE
	EndGlobalSection
	GlobalSection(ExtensibilityGlobals) = postSolution
		SolutionGuid = {914E389C-13E9-4FC7-BD07-3D43AF787D10}
	EndGlobalSection
EndGlobal
